
Microsoft Visual Studio Solution File, Format Version 12.00
# Visual Studio 15
VisualStudioVersion = 15.0.28307.1082
MinimumVisualStudioVersion = 10.0.40219.1
Project("{FAE04EC0-301F-11D3-BF4B-00C04F79EFBC}") = "ControleDeVendas", "ControleDeVendas\ControleDeVendas.csproj", "{DCDFE9D5-8FB1-4B29-89AF-5B4FB49B3779}"
EndProject
Global
	GlobalSection(SolutionConfigurationPlatforms) = preSolution
		Debug|Any CPU = Debug|Any CPU
		Release|Any CPU = Release|Any CPU
	EndGlobalSection
	GlobalSection(ProjectConfigurationPlatforms) = postSolution
		{DCDFE9D5-8FB1-4B29-89AF-5B4FB49B3779}.Debug|Any CPU.ActiveCfg = Debug|Any CPU
		{DCDFE9D5-8FB1-4B29-89AF-5B4FB49B3779}.Debug|Any CPU.Build.0 = Debug|Any CPU
		{DCDFE9D5-8FB1-4B29-89AF-5B4FB49B3779}.Release|Any CPU.ActiveCfg = Release|Any CPU
		{DCDFE9D5-8FB1-4B29-89AF-5B4FB49B3779}.Release|Any CPU.Build.0 = Release|Any CPU
	EndGlobalSection
	GlobalSection(SolutionProperties) = preSolution
		HideSolutionNode = FALSE
	EndGlobalSection
	GlobalSection(ExtensibilityGlobals) = postSolution
		SolutionGuid = {42D06D38-3BC7-40AA-B49D-976997BA3366}
	EndGlobalSection
EndGlobal
